
Microsoft Visual Studio Solution File, Format Version 12.00
# Visual Studio Version 17
VisualStudioVersion = 17.0.31903.59
MinimumVisualStudioVersion = 10.0.40219.1
Project("{2150E333-8FDC-42A3-9474-1A3956D46DE8}") = "src", "src", "{827E0CD3-B72D-47B6-A68D-7590B98EB39B}"
EndProject
Project("{FAE04EC0-301F-11D3-BF4B-00C04F79EFBC}") = "RoadOps.Domain", "src\RoadOps.Domain\RoadOps.Domain.csproj", "{82C05090-DE13-4D18-BB1C-2511719C8AA5}"
EndProject
Project("{FAE04EC0-301F-11D3-BF4B-00C04F79EFBC}") = "RoadOps.Application", "src\RoadOps.Application\RoadOps.Application.csproj", "{2EF39F20-0911-4F8F-9129-6DF65CCBBE05}"
EndProject
Project("{FAE04EC0-301F-11D3-BF4B-00C04F79EFBC}") = "RoadOps.Infrastructure", "src\RoadOps.Infrastructure\RoadOps.Infrastructure.csproj", "{F8A527E3-EB68-45A5-8FF4-83877A2E115B}"
EndProject
Project("{FAE04EC0-301F-11D3-BF4B-00C04F79EFBC}") = "RoadOps.Api", "src\RoadOps.Api\RoadOps.Api.csproj", "{56B9BD95-9F43-4EFE-BC97-12AF30A88209}"
EndProject
Project("{2150E333-8FDC-42A3-9474-1A3956D46DE8}") = "tests", "tests", "{0AB3BF05-4346-4AA6-1389-037BE0695223}"
EndProject
Project("{FAE04EC0-301F-11D3-BF4B-00C04F79EFBC}") = "RoadOps.UnitTests", "tests\RoadOps.UnitTests\RoadOps.UnitTests.csproj", "{4557167C-5EB3-48EF-9E2E-BBE10E9470D4}"
EndProject
Project("{FAE04EC0-301F-11D3-BF4B-00C04F79EFBC}") = "RoadOps.IntegrationTests", "tests\RoadOps.IntegrationTests\RoadOps.IntegrationTests.csproj", "{003E77F1-ED0F-4EA5-ABF0-8D9E4AE110BA}"
EndProject
Project("{FAE04EC0-301F-11D3-BF4B-00C04F79EFBC}") = "RoadOps.StressTests", "tests\RoadOps.StressTests\RoadOps.StressTests.csproj", "{E929C508-C56F-469D-81EA-7A3DB48A2456}"
EndProject
Project("{2150E333-8FDC-42A3-9474-1A3956D46DE8}") = "tools", "tools", "{07C2787E-EAC7-C090-1BA3-A61EC2A24D84}"
EndProject
Project("{FAE04EC0-301F-11D3-BF4B-00C04F79EFBC}") = "RoadOps.DataSeeder", "tools\RoadOps.DataSeeder\RoadOps.DataSeeder.csproj", "{8F95446D-7BD5-42DF-A7D1-AF57C2C38EB1}"
EndProject
Project("{FAE04EC0-301F-11D3-BF4B-00C04F79EFBC}") = "RoadOps.Mcp", "src\RoadOps.Mcp\RoadOps.Mcp.csproj", "{97CD11D5-B074-40EF-8015-089FAF1132BA}"
EndProject
Project("{FAE04EC0-301F-11D3-BF4B-00C04F79EFBC}") = "RoadOps.Mcp.IntegrationTests", "tests\RoadOps.Mcp.IntegrationTests\RoadOps.Mcp.IntegrationTests.csproj", "{0C881597-8447-4E3E-B9E2-C20CE9F9AF49}"
EndProject
Project("{FAE04EC0-301F-11D3-BF4B-00C04F79EFBC}") = "RoadOps.Auth", "src\RoadOps.Auth\RoadOps.Auth.csproj", "{5AF2C9EE-61A6-4DB0-85D2-C7C41DD37B03}"
EndProject
Global
	GlobalSection(SolutionConfigurationPlatforms) = preSolution
		Debug|Any CPU = Debug|Any CPU
		Debug|x64 = Debug|x64
		Debug|x86 = Debug|x86
		Release|Any CPU = Release|Any CPU
		Release|x64 = Release|x64
		Release|x86 = Release|x86
	EndGlobalSection
	GlobalSection(ProjectConfigurationPlatforms) = postSolution
		{82C05090-DE13-4D18-BB1C-2511719C8AA5}.Debug|Any CPU.ActiveCfg = Debug|Any CPU
		{82C05090-DE13-4D18-BB1C-2511719C8AA5}.Debug|Any CPU.Build.0 = Debug|Any CPU
		{82C05090-DE13-4D18-BB1C-2511719C8AA5}.Debug|x64.ActiveCfg = Debug|Any CPU
		{82C05090-DE13-4D18-BB1C-2511719C8AA5}.Debug|x64.Build.0 = Debug|Any CPU
		{82C05090-DE13-4D18-BB1C-2511719C8AA5}.Debug|x86.ActiveCfg = Debug|Any CPU
		{82C05090-DE13-4D18-BB1C-2511719C8AA5}.Debug|x86.Build.0 = Debug|Any CPU
		{82C05090-DE13-4D18-BB1C-2511719C8AA5}.Release|Any CPU.ActiveCfg = Release|Any CPU
		{82C05090-DE13-4D18-BB1C-2511719C8AA5}.Release|Any CPU.Build.0 = Release|Any CPU
		{82C05090-DE13-4D18-BB1C-2511719C8AA5}.Release|x64.ActiveCfg = Release|Any CPU
		{82C05090-DE13-4D18-BB1C-2511719C8AA5}.Release|x64.Build.0 = Release|Any CPU
		{82C05090-DE13-4D18-BB1C-2511719C8AA5}.Release|x86.ActiveCfg = Release|Any CPU
		{82C05090-DE13-4D18-BB1C-2511719C8AA5}.Release|x86.Build.0 = Release|Any CPU
		{2EF39F20-0911-4F8F-9129-6DF65CCBBE05}.Debug|Any CPU.ActiveCfg = Debug|Any CPU
		{2EF39F20-0911-4F8F-9129-6DF65CCBBE05}.Debug|Any CPU.Build.0 = Debug|Any CPU
		{2EF39F20-0911-4F8F-9129-6DF65CCBBE05}.Debug|x64.ActiveCfg = Debug|Any CPU
		{2EF39F20-0911-4F8F-9129-6DF65CCBBE05}.Debug|x64.Build.0 = Debug|Any CPU
		{2EF39F20-0911-4F8F-9129-6DF65CCBBE05}.Debug|x86.ActiveCfg = Debug|Any CPU
		{2EF39F20-0911-4F8F-9129-6DF65CCBBE05}.Debug|x86.Build.0 = Debug|Any CPU
		{2EF39F20-0911-4F8F-9129-6DF65CCBBE05}.Release|Any CPU.ActiveCfg = Release|Any CPU
		{2EF39F20-0911-4F8F-9129-6DF65CCBBE05}.Release|Any CPU.Build.0 = Release|Any CPU
		{2EF39F20-0911-4F8F-9129-6DF65CCBBE05}.Release|x64.ActiveCfg = Release|Any CPU
		{2EF39F20-0911-4F8F-9129-6DF65CCBBE05}.Release|x64.Build.0 = Release|Any CPU
		{2EF39F20-0911-4F8F-9129-6DF65CCBBE05}.Release|x86.ActiveCfg = Release|Any CPU
		{2EF39F20-0911-4F8F-9129-6DF65CCBBE05}.Release|x86.Build.0 = Release|Any CPU
		{F8A527E3-EB68-45A5-8FF4-83877A2E115B}.Debug|Any CPU.ActiveCfg = Debug|Any CPU
		{F8A527E3-EB68-45A5-8FF4-83877A2E115B}.Debug|Any CPU.Build.0 = Debug|Any CPU
		{F8A527E3-EB68-45A5-8FF4-83877A2E115B}.Debug|x64.ActiveCfg = Debug|Any CPU
		{F8A527E3-EB68-45A5-8FF4-83877A2E115B}.Debug|x64.Build.0 = Debug|Any CPU
		{F8A527E3-EB68-45A5-8FF4-83877A2E115B}.Debug|x86.ActiveCfg = Debug|Any CPU
		{F8A527E3-EB68-45A5-8FF4-83877A2E115B}.Debug|x86.Build.0 = Debug|Any CPU
		{F8A527E3-EB68-45A5-8FF4-83877A2E115B}.Release|Any CPU.ActiveCfg = Release|Any CPU
		{F8A527E3-EB68-45A5-8FF4-83877A2E115B}.Release|Any CPU.Build.0 = Release|Any CPU
		{F8A527E3-EB68-45A5-8FF4-83877A2E115B}.Release|x64.ActiveCfg = Release|Any CPU
		{F8A527E3-EB68-45A5-8FF4-83877A2E115B}.Release|x64.Build.0 = Release|Any CPU
		{F8A527E3-EB68-45A5-8FF4-83877A2E115B}.Release|x86.ActiveCfg = Release|Any CPU
		{F8A527E3-EB68-45A5-8FF4-83877A2E115B}.Release|x86.Build.0 = Release|Any CPU
		{56B9BD95-9F43-4EFE-BC97-12AF30A88209}.Debug|Any CPU.ActiveCfg = Debug|Any CPU
		{56B9BD95-9F43-4EFE-BC97-12AF30A88209}.Debug|Any CPU.Build.0 = Debug|Any CPU
		{56B9BD95-9F43-4EFE-BC97-12AF30A88209}.Debug|x64.ActiveCfg = Debug|Any CPU
		{56B9BD95-9F43-4EFE-BC97-12AF30A88209}.Debug|x64.Build.0 = Debug|Any CPU
		{56B9BD95-9F43-4EFE-BC97-12AF30A88209}.Debug|x86.ActiveCfg = Debug|Any CPU
		{56B9BD95-9F43-4EFE-BC97-12AF30A88209}.Debug|x86.Build.0 = Debug|Any CPU
		{56B9BD95-9F43-4EFE-BC97-12AF30A88209}.Release|Any CPU.ActiveCfg = Release|Any CPU
		{56B9BD95-9F43-4EFE-BC97-12AF30A88209}.Release|Any CPU.Build.0 = Release|Any CPU
		{56B9BD95-9F43-4EFE-BC97-12AF30A88209}.Release|x64.ActiveCfg = Release|Any CPU
		{56B9BD95-9F43-4EFE-BC97-12AF30A88209}.Release|x64.Build.0 = Release|Any CPU
		{56B9BD95-9F43-4EFE-BC97-12AF30A88209}.Release|x86.ActiveCfg = Release|Any CPU
		{56B9BD95-9F43-4EFE-BC97-12AF30A88209}.Release|x86.Build.0 = Release|Any CPU
		{4557167C-5EB3-48EF-9E2E-BBE10E9470D4}.Debug|Any CPU.ActiveCfg = Debug|Any CPU
		{4557167C-5EB3-48EF-9E2E-BBE10E9470D4}.Debug|Any CPU.Build.0 = Debug|Any CPU
		{4557167C-5EB3-48EF-9E2E-BBE10E9470D4}.Debug|x64.ActiveCfg = Debug|Any CPU
		{4557167C-5EB3-48EF-9E2E-BBE10E9470D4}.Debug|x64.Build.0 = Debug|Any CPU
		{4557167C-5EB3-48EF-9E2E-BBE10E9470D4}.Debug|x86.ActiveCfg = Debug|Any CPU
		{4557167C-5EB3-48EF-9E2E-BBE10E9470D4}.Debug|x86.Build.0 = Debug|Any CPU
		{4557167C-5EB3-48EF-9E2E-BBE10E9470D4}.Release|Any CPU.ActiveCfg = Release|Any CPU
		{4557167C-5EB3-48EF-9E2E-BBE10E9470D4}.Release|Any CPU.Build.0 = Release|Any CPU
		{4557167C-5EB3-48EF-9E2E-BBE10E9470D4}.Release|x64.ActiveCfg = Release|Any CPU
		{4557167C-5EB3-48EF-9E2E-BBE10E9470D4}.Release|x64.Build.0 = Release|Any CPU
		{4557167C-5EB3-48EF-9E2E-BBE10E9470D4}.Release|x86.ActiveCfg = Release|Any CPU
		{4557167C-5EB3-48EF-9E2E-BBE10E9470D4}.Release|x86.Build.0 = Release|Any CPU
		{003E77F1-ED0F-4EA5-ABF0-8D9E4AE110BA}.Debug|Any CPU.ActiveCfg = Debug|Any CPU
		{003E77F1-ED0F-4EA5-ABF0-8D9E4AE110BA}.Debug|Any CPU.Build.0 = Debug|Any CPU
		{003E77F1-ED0F-4EA5-ABF0-8D9E4AE110BA}.Debug|x64.ActiveCfg = Debug|Any CPU
		{003E77F1-ED0F-4EA5-ABF0-8D9E4AE110BA}.Debug|x64.Build.0 = Debug|Any CPU
		{003E77F1-ED0F-4EA5-ABF0-8D9E4AE110BA}.Debug|x86.ActiveCfg = Debug|Any CPU
		{003E77F1-ED0F-4EA5-ABF0-8D9E4AE110BA}.Debug|x86.Build.0 = Debug|Any CPU
		{003E77F1-ED0F-4EA5-ABF0-8D9E4AE110BA}.Release|Any CPU.ActiveCfg = Release|Any CPU
		{003E77F1-ED0F-4EA5-ABF0-8D9E4AE110BA}.Release|Any CPU.Build.0 = Release|Any CPU
		{003E77F1-ED0F-4EA5-ABF0-8D9E4AE110BA}.Release|x64.ActiveCfg = Release|Any CPU
		{003E77F1-ED0F-4EA5-ABF0-8D9E4AE110BA}.Release|x64.Build.0 = Release|Any CPU
		{003E77F1-ED0F-4EA5-ABF0-8D9E4AE110BA}.Release|x86.ActiveCfg = Release|Any CPU
		{003E77F1-ED0F-4EA5-ABF0-8D9E4AE110BA}.Release|x86.Build.0 = Release|Any CPU
		{E929C508-C56F-469D-81EA-7A3DB48A2456}.Debug|Any CPU.ActiveCfg = Debug|Any CPU
		{E929C508-C56F-469D-81EA-7A3DB48A2456}.Debug|Any CPU.Build.0 = Debug|Any CPU
		{E929C508-C56F-469D-81EA-7A3DB48A2456}.Debug|x64.ActiveCfg = Debug|Any CPU
		{E929C508-C56F-469D-81EA-7A3DB48A2456}.Debug|x64.Build.0 = Debug|Any CPU
		{E929C508-C56F-469D-81EA-7A3DB48A2456}.Debug|x86.ActiveCfg = Debug|Any CPU
		{E929C508-C56F-469D-81EA-7A3DB48A2456}.Debug|x86.Build.0 = Debug|Any CPU
		{E929C508-C56F-469D-81EA-7A3DB48A2456}.Release|Any CPU.ActiveCfg = Release|Any CPU
		{E929C508-C56F-469D-81EA-7A3DB48A2456}.Release|Any CPU.Build.0 = Release|Any CPU
		{E929C508-C56F-469D-81EA-7A3DB48A2456}.Release|x64.ActiveCfg = Release|Any CPU
		{E929C508-C56F-469D-81EA-7A3DB48A2456}.Release|x64.Build.0 = Release|Any CPU
		{E929C508-C56F-469D-81EA-7A3DB48A2456}.Release|x86.ActiveCfg = Release|Any CPU
		{E929C508-C56F-469D-81EA-7A3DB48A2456}.Release|x86.Build.0 = Release|Any CPU
		{8F95446D-7BD5-42DF-A7D1-AF57C2C38EB1}.Debug|Any CPU.ActiveCfg = Debug|Any CPU
		{8F95446D-7BD5-42DF-A7D1-AF57C2C38EB1}.Debug|Any CPU.Build.0 = Debug|Any CPU
		{8F95446D-7BD5-42DF-A7D1-AF57C2C38EB1}.Debug|x64.ActiveCfg = Debug|Any CPU
		{8F95446D-7BD5-42DF-A7D1-AF57C2C38EB1}.Debug|x64.Build.0 = Debug|Any CPU
		{8F95446D-7BD5-42DF-A7D1-AF57C2C38EB1}.Debug|x86.ActiveCfg = Debug|Any CPU
		{8F95446D-7BD5-42DF-A7D1-AF57C2C38EB1}.Debug|x86.Build.0 = Debug|Any CPU
		{8F95446D-7BD5-42DF-A7D1-AF57C2C38EB1}.Release|Any CPU.ActiveCfg = Release|Any CPU
		{8F95446D-7BD5-42DF-A7D1-AF57C2C38EB1}.Release|Any CPU.Build.0 = Release|Any CPU
		{8F95446D-7BD5-42DF-A7D1-AF57C2C38EB1}.Release|x64.ActiveCfg = Release|Any CPU
		{8F95446D-7BD5-42DF-A7D1-AF57C2C38EB1}.Release|x64.Build.0 = Release|Any CPU
		{8F95446D-7BD5-42DF-A7D1-AF57C2C38EB1}.Release|x86.ActiveCfg = Release|Any CPU
		{8F95446D-7BD5-42DF-A7D1-AF57C2C38EB1}.Release|x86.Build.0 = Release|Any CPU
		{97CD11D5-B074-40EF-8015-089FAF1132BA}.Debug|Any CPU.ActiveCfg = Debug|Any CPU
		{97CD11D5-B074-40EF-8015-089FAF1132BA}.Debug|Any CPU.Build.0 = Debug|Any CPU
		{97CD11D5-B074-40EF-8015-089FAF1132BA}.Debug|x64.ActiveCfg = Debug|Any CPU
		{97CD11D5-B074-40EF-8015-089FAF1132BA}.Debug|x64.Build.0 = Debug|Any CPU
		{97CD11D5-B074-40EF-8015-089FAF1132BA}.Debug|x86.ActiveCfg = Debug|Any CPU
		{97CD11D5-B074-40EF-8015-089FAF1132BA}.Debug|x86.Build.0 = Debug|Any CPU
		{97CD11D5-B074-40EF-8015-089FAF1132BA}.Release|Any CPU.ActiveCfg = Release|Any CPU
		{97CD11D5-B074-40EF-8015-089FAF1132BA}.Release|Any CPU.Build.0 = Release|Any CPU
		{97CD11D5-B074-40EF-8015-089FAF1132BA}.Release|x64.ActiveCfg = Release|Any CPU
		{97CD11D5-B074-40EF-8015-089FAF1132BA}.Release|x64.Build.0 = Release|Any CPU
		{97CD11D5-B074-40EF-8015-089FAF1132BA}.Release|x86.ActiveCfg = Release|Any CPU
		{97CD11D5-B074-40EF-8015-089FAF1132BA}.Release|x86.Build.0 = Release|Any CPU
		{0C881597-8447-4E3E-B9E2-C20CE9F9AF49}.Debug|Any CPU.ActiveCfg = Debug|Any CPU
		{0C881597-8447-4E3E-B9E2-C20CE9F9AF49}.Debug|Any CPU.Build.0 = Debug|Any CPU
		{0C881597-8447-4E3E-B9E2-C20CE9F9AF49}.Debug|x64.ActiveCfg = Debug|Any CPU
		{0C881597-8447-4E3E-B9E2-C20CE9F9AF49}.Debug|x64.Build.0 = Debug|Any CPU
		{0C881597-8447-4E3E-B9E2-C20CE9F9AF49}.Debug|x86.ActiveCfg = Debug|Any CPU
		{0C881597-8447-4E3E-B9E2-C20CE9F9AF49}.Debug|x86.Build.0 = Debug|Any CPU
		{0C881597-8447-4E3E-B9E2-C20CE9F9AF49}.Release|Any CPU.ActiveCfg = Release|Any CPU
		{0C881597-8447-4E3E-B9E2-C20CE9F9AF49}.Release|Any CPU.Build.0 = Release|Any CPU
		{0C881597-8447-4E3E-B9E2-C20CE9F9AF49}.Release|x64.ActiveCfg = Release|Any CPU
		{0C881597-8447-4E3E-B9E2-C20CE9F9AF49}.Release|x64.Build.0 = Release|Any CPU
		{0C881597-8447-4E3E-B9E2-C20CE9F9AF49}.Release|x86.ActiveCfg = Release|Any CPU
		{0C881597-8447-4E3E-B9E2-C20CE9F9AF49}.Release|x86.Build.0 = Release|Any CPU
		{5AF2C9EE-61A6-4DB0-85D2-C7C41DD37B03}.Debug|Any CPU.ActiveCfg = Debug|Any CPU
		{5AF2C9EE-61A6-4DB0-85D2-C7C41DD37B03}.Debug|Any CPU.Build.0 = Debug|Any CPU
		{5AF2C9EE-61A6-4DB0-85D2-C7C41DD37B03}.Debug|x64.ActiveCfg = Debug|Any CPU
		{5AF2C9EE-61A6-4DB0-85D2-C7C41DD37B03}.Debug|x64.Build.0 = Debug|Any CPU
		{5AF2C9EE-61A6-4DB0-85D2-C7C41DD37B03}.Debug|x86.ActiveCfg = Debug|Any CPU
		{5AF2C9EE-61A6-4DB0-85D2-C7C41DD37B03}.Debug|x86.Build.0 = Debug|Any CPU
		{5AF2C9EE-61A6-4DB0-85D2-C7C41DD37B03}.Release|Any CPU.ActiveCfg = Release|Any CPU
		{5AF2C9EE-61A6-4DB0-85D2-C7C41DD37B03}.Release|Any CPU.Build.0 = Release|Any CPU
		{5AF2C9EE-61A6-4DB0-85D2-C7C41DD37B03}.Release|x64.ActiveCfg = Release|Any CPU
		{5AF2C9EE-61A6-4DB0-85D2-C7C41DD37B03}.Release|x64.Build.0 = Release|Any CPU
		{5AF2C9EE-61A6-4DB0-85D2-C7C41DD37B03}.Release|x86.ActiveCfg = Release|Any CPU
		{5AF2C9EE-61A6-4DB0-85D2-C7C41DD37B03}.Release|x86.Build.0 = Release|Any CPU
	EndGlobalSection
	GlobalSection(SolutionProperties) = preSolution
		HideSolutionNode = FALSE
	EndGlobalSection
	GlobalSection(NestedProjects) = preSolution
		{82C05090-DE13-4D18-BB1C-2511719C8AA5} = {827E0CD3-B72D-47B6-A68D-7590B98EB39B}
		{2EF39F20-0911-4F8F-9129-6DF65CCBBE05} = {827E0CD3-B72D-47B6-A68D-7590B98EB39B}
		{F8A527E3-EB68-45A5-8FF4-83877A2E115B} = {827E0CD3-B72D-47B6-A68D-7590B98EB39B}
		{56B9BD95-9F43-4EFE-BC97-12AF30A88209} = {827E0CD3-B72D-47B6-A68D-7590B98EB39B}
		{4557167C-5EB3-48EF-9E2E-BBE10E9470D4} = {0AB3BF05-4346-4AA6-1389-037BE0695223}
		{003E77F1-ED0F-4EA5-ABF0-8D9E4AE110BA} = {0AB3BF05-4346-4AA6-1389-037BE0695223}
		{E929C508-C56F-469D-81EA-7A3DB48A2456} = {0AB3BF05-4346-4AA6-1389-037BE0695223}
		{8F95446D-7BD5-42DF-A7D1-AF57C2C38EB1} = {07C2787E-EAC7-C090-1BA3-A61EC2A24D84}
		{97CD11D5-B074-40EF-8015-089FAF1132BA} = {827E0CD3-B72D-47B6-A68D-7590B98EB39B}
		{0C881597-8447-4E3E-B9E2-C20CE9F9AF49} = {0AB3BF05-4346-4AA6-1389-037BE0695223}
		{5AF2C9EE-61A6-4DB0-85D2-C7C41DD37B03} = {827E0CD3-B72D-47B6-A68D-7590B98EB39B}
	EndGlobalSection
EndGlobal
